
Microsoft Visual Studio Solution File, Format Version 12.00
# Visual Studio Version 17
VisualStudioVersion = 17.3.32825.248
MinimumVisualStudioVersion = 10.0.40219.1
Project("{FAE04EC0-301F-11D3-BF4B-00C04F79EFBC}") = "EqTool", "EqTool.csproj", "{C86FCF66-04B2-4494-BA0E-DE2245A888A0}"
EndProject
Global
	GlobalSection(SolutionConfigurationPlatforms) = preSolution
		Debug|Any CPU = Debug|Any CPU
		Release|Any CPU = Release|Any CPU
	EndGlobalSection
	GlobalSection(ProjectConfigurationPlatforms) = postSolution
		{C86FCF66-04B2-4494-BA0E-DE2245A888A0}.Debug|Any CPU.ActiveCfg = Debug|Any CPU
		{C86FCF66-04B2-4494-BA0E-DE2245A888A0}.Debug|Any CPU.Build.0 = Debug|Any CPU
		{C86FCF66-04B2-4494-BA0E-DE2245A888A0}.Release|Any CPU.ActiveCfg = Release|Any CPU
		{C86FCF66-04B2-4494-BA0E-DE2245A888A0}.Release|Any CPU.Build.0 = Release|Any CPU
	EndGlobalSection
	GlobalSection(SolutionProperties) = preSolution
		HideSolutionNode = FALSE
	EndGlobalSection
	GlobalSection(ExtensibilityGlobals) = postSolution
		SolutionGuid = {2B01A79C-406A-42DD-B3B1-88A428668450}
	EndGlobalSection
EndGlobal
