
Microsoft Visual Studio Solution File, Format Version 12.00
# Visual Studio Version 17
VisualStudioVersion = 17.3.32825.248
MinimumVisualStudioVersion = 10.0.40219.1
Project("{FAE04EC0-301F-11D3-BF4B-00C04F79EFBC}") = "EQTool", "src\EQTool.csproj", "{10E99313-7361-4503-A314-14BC052A6CAC}"
EndProject
Project("{FAE04EC0-301F-11D3-BF4B-00C04F79EFBC}") = "EQtoolsTests", "src\EQtoolsTests\EQtoolsTests.csproj", "{F3D5067B-258B-4AAB-963A-7CDA4D077D6F}"
EndProject
Global
	GlobalSection(SolutionConfigurationPlatforms) = preSolution
		Debug|Any CPU = Debug|Any CPU
		Release|Any CPU = Release|Any CPU
	EndGlobalSection
	GlobalSection(ProjectConfigurationPlatforms) = postSolution
		{10E99313-7361-4503-A314-14BC052A6CAC}.Debug|Any CPU.ActiveCfg = Debug|Any CPU
		{10E99313-7361-4503-A314-14BC052A6CAC}.Debug|Any CPU.Build.0 = Debug|Any CPU
		{10E99313-7361-4503-A314-14BC052A6CAC}.Release|Any CPU.ActiveCfg = Release|Any CPU
		{10E99313-7361-4503-A314-14BC052A6CAC}.Release|Any CPU.Build.0 = Release|Any CPU
		{F3D5067B-258B-4AAB-963A-7CDA4D077D6F}.Debug|Any CPU.ActiveCfg = Debug|Any CPU
		{F3D5067B-258B-4AAB-963A-7CDA4D077D6F}.Debug|Any CPU.Build.0 = Debug|Any CPU
		{F3D5067B-258B-4AAB-963A-7CDA4D077D6F}.Release|Any CPU.ActiveCfg = Release|Any CPU
		{F3D5067B-258B-4AAB-963A-7CDA4D077D6F}.Release|Any CPU.Build.0 = Release|Any CPU
	EndGlobalSection
	GlobalSection(SolutionProperties) = preSolution
		HideSolutionNode = FALSE
	EndGlobalSection
	GlobalSection(ExtensibilityGlobals) = postSolution
		SolutionGuid = {C57177CA-226E-4C75-8336-A42228DEB6FA}
	EndGlobalSection
EndGlobal
